
Microsoft Visual Studio Solution File, Format Version 12.00
# Visual Studio 15
VisualStudioVersion = 15.0.28307.329
MinimumVisualStudioVersion = 10.0.40219.1
Project("{9A19103F-16F7-4668-BE54-9A1E7A4F7556}") = "CommonActionsWeb", "CommonActionsWeb\CommonActionsWeb.csproj", "{FB0FCCFE-20DC-4748-8F0D-8B3E65200B50}"
EndProject
Project("{9A19103F-16F7-4668-BE54-9A1E7A4F7556}") = "WebClient", "WebClient\WebClient.csproj", "{A8191D3B-2DA0-47A7-855C-17C6AE152C45}"
EndProject
Project("{FAE04EC0-301F-11D3-BF4B-00C04F79EFBC}") = "CommonLibrary", "CommonLibrary\CommonLibrary.csproj", "{DF2E36BC-CD75-4050-810D-79FBDB16C679}"
EndProject
Project("{9A19103F-16F7-4668-BE54-9A1E7A4F7556}") = "TaskAPI", "TaskAPI\TaskAPI.csproj", "{8475FB60-2DF3-4BC3-8C2A-CEE01EAA6EA8}"
EndProject
Project("{9A19103F-16F7-4668-BE54-9A1E7A4F7556}") = "HCSApi", "HCSApi\HCSApi.csproj", "{87D7785C-6B61-439A-BE35-1B977950F490}"
EndProject
Project("{9A19103F-16F7-4668-BE54-9A1E7A4F7556}") = "ScheduleAPI", "ScheduleAPI\ScheduleAPI.csproj", "{EB24658E-9194-4AE8-88E8-2171B86A8AF9}"
EndProject
Global
	GlobalSection(SolutionConfigurationPlatforms) = preSolution
		Debug|Any CPU = Debug|Any CPU
		Release|Any CPU = Release|Any CPU
	EndGlobalSection
	GlobalSection(ProjectConfigurationPlatforms) = postSolution
		{FB0FCCFE-20DC-4748-8F0D-8B3E65200B50}.Debug|Any CPU.ActiveCfg = Debug|Any CPU
		{FB0FCCFE-20DC-4748-8F0D-8B3E65200B50}.Debug|Any CPU.Build.0 = Debug|Any CPU
		{FB0FCCFE-20DC-4748-8F0D-8B3E65200B50}.Release|Any CPU.ActiveCfg = Release|Any CPU
		{FB0FCCFE-20DC-4748-8F0D-8B3E65200B50}.Release|Any CPU.Build.0 = Release|Any CPU
		{A8191D3B-2DA0-47A7-855C-17C6AE152C45}.Debug|Any CPU.ActiveCfg = Debug|Any CPU
		{A8191D3B-2DA0-47A7-855C-17C6AE152C45}.Debug|Any CPU.Build.0 = Debug|Any CPU
		{A8191D3B-2DA0-47A7-855C-17C6AE152C45}.Release|Any CPU.ActiveCfg = Release|Any CPU
		{A8191D3B-2DA0-47A7-855C-17C6AE152C45}.Release|Any CPU.Build.0 = Release|Any CPU
		{DF2E36BC-CD75-4050-810D-79FBDB16C679}.Debug|Any CPU.ActiveCfg = Debug|Any CPU
		{DF2E36BC-CD75-4050-810D-79FBDB16C679}.Debug|Any CPU.Build.0 = Debug|Any CPU
		{DF2E36BC-CD75-4050-810D-79FBDB16C679}.Release|Any CPU.ActiveCfg = Release|Any CPU
		{DF2E36BC-CD75-4050-810D-79FBDB16C679}.Release|Any CPU.Build.0 = Release|Any CPU
		{8475FB60-2DF3-4BC3-8C2A-CEE01EAA6EA8}.Debug|Any CPU.ActiveCfg = Debug|Any CPU
		{8475FB60-2DF3-4BC3-8C2A-CEE01EAA6EA8}.Debug|Any CPU.Build.0 = Debug|Any CPU
		{8475FB60-2DF3-4BC3-8C2A-CEE01EAA6EA8}.Release|Any CPU.ActiveCfg = Release|Any CPU
		{8475FB60-2DF3-4BC3-8C2A-CEE01EAA6EA8}.Release|Any CPU.Build.0 = Release|Any CPU
		{87D7785C-6B61-439A-BE35-1B977950F490}.Debug|Any CPU.ActiveCfg = Debug|Any CPU
		{87D7785C-6B61-439A-BE35-1B977950F490}.Debug|Any CPU.Build.0 = Debug|Any CPU
		{87D7785C-6B61-439A-BE35-1B977950F490}.Release|Any CPU.ActiveCfg = Release|Any CPU
		{87D7785C-6B61-439A-BE35-1B977950F490}.Release|Any CPU.Build.0 = Release|Any CPU
		{EB24658E-9194-4AE8-88E8-2171B86A8AF9}.Debug|Any CPU.ActiveCfg = Debug|Any CPU
		{EB24658E-9194-4AE8-88E8-2171B86A8AF9}.Debug|Any CPU.Build.0 = Debug|Any CPU
		{EB24658E-9194-4AE8-88E8-2171B86A8AF9}.Release|Any CPU.ActiveCfg = Release|Any CPU
		{EB24658E-9194-4AE8-88E8-2171B86A8AF9}.Release|Any CPU.Build.0 = Release|Any CPU
	EndGlobalSection
	GlobalSection(SolutionProperties) = preSolution
		HideSolutionNode = FALSE
	EndGlobalSection
	GlobalSection(ExtensibilityGlobals) = postSolution
		SolutionGuid = {8D22E7D5-B19C-4FA3-AF8B-6CF25E041717}
	EndGlobalSection
EndGlobal
